
Microsoft Visual Studio Solution File, Format Version 12.00
# Visual Studio Version 16
VisualStudioVersion = 16.0.34031.81
MinimumVisualStudioVersion = 10.0.40219.1
Project("{9A19103F-16F7-4668-BE54-9A1E7A4F7556}") = "VasaHotel_main", "VasaHotel_main\VasaHotel_main.csproj", "{B7609A68-8FD4-4658-949A-9F9CE66DAD17}"
EndProject
Global
	GlobalSection(SolutionConfigurationPlatforms) = preSolution
		Debug|Any CPU = Debug|Any CPU
		Release|Any CPU = Release|Any CPU
	EndGlobalSection
	GlobalSection(ProjectConfigurationPlatforms) = postSolution
		{B7609A68-8FD4-4658-949A-9F9CE66DAD17}.Debug|Any CPU.ActiveCfg = Debug|Any CPU
		{B7609A68-8FD4-4658-949A-9F9CE66DAD17}.Debug|Any CPU.Build.0 = Debug|Any CPU
		{B7609A68-8FD4-4658-949A-9F9CE66DAD17}.Release|Any CPU.ActiveCfg = Release|Any CPU
		{B7609A68-8FD4-4658-949A-9F9CE66DAD17}.Release|Any CPU.Build.0 = Release|Any CPU
	EndGlobalSection
	GlobalSection(SolutionProperties) = preSolution
		HideSolutionNode = FALSE
	EndGlobalSection
	GlobalSection(ExtensibilityGlobals) = postSolution
		SolutionGuid = {BFBD59A8-E3D9-4EC7-B767-5D3880E00958}
	EndGlobalSection
EndGlobal
